
Microsoft Visual Studio Solution File, Format Version 12.00
# Visual Studio 15
VisualStudioVersion = 15.0.26124.0
MinimumVisualStudioVersion = 15.0.26124.0
Project("{2150E333-8FDC-42A3-9474-1A3956D46DE8}") = "src", "src", "{CECEEA19-5177-42BD-9AE7-6D237CD89BDC}"
EndProject
Project("{FAE04EC0-301F-11D3-BF4B-00C04F79EFBC}") = "Contract", "src\Contract\Contract.csproj", "{E1275825-74D3-444A-AF3F-4116DAE02B36}"
EndProject
Project("{FAE04EC0-301F-11D3-BF4B-00C04F79EFBC}") = "Domain", "src\Domain\Domain.csproj", "{11E2ECB9-DA85-4ADA-9B76-2F5414491846}"
EndProject
Project("{2150E333-8FDC-42A3-9474-1A3956D46DE8}") = "api", "api", "{619938CF-8632-4142-A628-51EECB994577}"
EndProject
Project("{FAE04EC0-301F-11D3-BF4B-00C04F79EFBC}") = "Api.Http", "api\Api.Http\Api.Http.csproj", "{8568198D-CC3F-4E4B-B066-10DA1C3AC480}"
EndProject
Project("{FAE04EC0-301F-11D3-BF4B-00C04F79EFBC}") = "Api.Grpc", "api\Api.Grpc\Api.Grpc.csproj", "{95FA2F99-AD36-49DC-9A68-05DA29833B2B}"
EndProject
Global
	GlobalSection(SolutionConfigurationPlatforms) = preSolution
		Debug|Any CPU = Debug|Any CPU
		Debug|x64 = Debug|x64
		Debug|x86 = Debug|x86
		Release|Any CPU = Release|Any CPU
		Release|x64 = Release|x64
		Release|x86 = Release|x86
	EndGlobalSection
	GlobalSection(SolutionProperties) = preSolution
		HideSolutionNode = FALSE
	EndGlobalSection
	GlobalSection(ProjectConfigurationPlatforms) = postSolution
		{E1275825-74D3-444A-AF3F-4116DAE02B36}.Debug|Any CPU.ActiveCfg = Debug|Any CPU
		{E1275825-74D3-444A-AF3F-4116DAE02B36}.Debug|Any CPU.Build.0 = Debug|Any CPU
		{E1275825-74D3-444A-AF3F-4116DAE02B36}.Debug|x64.ActiveCfg = Debug|Any CPU
		{E1275825-74D3-444A-AF3F-4116DAE02B36}.Debug|x64.Build.0 = Debug|Any CPU
		{E1275825-74D3-444A-AF3F-4116DAE02B36}.Debug|x86.ActiveCfg = Debug|Any CPU
		{E1275825-74D3-444A-AF3F-4116DAE02B36}.Debug|x86.Build.0 = Debug|Any CPU
		{E1275825-74D3-444A-AF3F-4116DAE02B36}.Release|Any CPU.ActiveCfg = Release|Any CPU
		{E1275825-74D3-444A-AF3F-4116DAE02B36}.Release|Any CPU.Build.0 = Release|Any CPU
		{E1275825-74D3-444A-AF3F-4116DAE02B36}.Release|x64.ActiveCfg = Release|Any CPU
		{E1275825-74D3-444A-AF3F-4116DAE02B36}.Release|x64.Build.0 = Release|Any CPU
		{E1275825-74D3-444A-AF3F-4116DAE02B36}.Release|x86.ActiveCfg = Release|Any CPU
		{E1275825-74D3-444A-AF3F-4116DAE02B36}.Release|x86.Build.0 = Release|Any CPU
		{11E2ECB9-DA85-4ADA-9B76-2F5414491846}.Debug|Any CPU.ActiveCfg = Debug|Any CPU
		{11E2ECB9-DA85-4ADA-9B76-2F5414491846}.Debug|Any CPU.Build.0 = Debug|Any CPU
		{11E2ECB9-DA85-4ADA-9B76-2F5414491846}.Debug|x64.ActiveCfg = Debug|Any CPU
		{11E2ECB9-DA85-4ADA-9B76-2F5414491846}.Debug|x64.Build.0 = Debug|Any CPU
		{11E2ECB9-DA85-4ADA-9B76-2F5414491846}.Debug|x86.ActiveCfg = Debug|Any CPU
		{11E2ECB9-DA85-4ADA-9B76-2F5414491846}.Debug|x86.Build.0 = Debug|Any CPU
		{11E2ECB9-DA85-4ADA-9B76-2F5414491846}.Release|Any CPU.ActiveCfg = Release|Any CPU
		{11E2ECB9-DA85-4ADA-9B76-2F5414491846}.Release|Any CPU.Build.0 = Release|Any CPU
		{11E2ECB9-DA85-4ADA-9B76-2F5414491846}.Release|x64.ActiveCfg = Release|Any CPU
		{11E2ECB9-DA85-4ADA-9B76-2F5414491846}.Release|x64.Build.0 = Release|Any CPU
		{11E2ECB9-DA85-4ADA-9B76-2F5414491846}.Release|x86.ActiveCfg = Release|Any CPU
		{11E2ECB9-DA85-4ADA-9B76-2F5414491846}.Release|x86.Build.0 = Release|Any CPU
		{8568198D-CC3F-4E4B-B066-10DA1C3AC480}.Debug|Any CPU.ActiveCfg = Debug|Any CPU
		{8568198D-CC3F-4E4B-B066-10DA1C3AC480}.Debug|Any CPU.Build.0 = Debug|Any CPU
		{8568198D-CC3F-4E4B-B066-10DA1C3AC480}.Debug|x64.ActiveCfg = Debug|Any CPU
		{8568198D-CC3F-4E4B-B066-10DA1C3AC480}.Debug|x64.Build.0 = Debug|Any CPU
		{8568198D-CC3F-4E4B-B066-10DA1C3AC480}.Debug|x86.ActiveCfg = Debug|Any CPU
		{8568198D-CC3F-4E4B-B066-10DA1C3AC480}.Debug|x86.Build.0 = Debug|Any CPU
		{8568198D-CC3F-4E4B-B066-10DA1C3AC480}.Release|Any CPU.ActiveCfg = Release|Any CPU
		{8568198D-CC3F-4E4B-B066-10DA1C3AC480}.Release|Any CPU.Build.0 = Release|Any CPU
		{8568198D-CC3F-4E4B-B066-10DA1C3AC480}.Release|x64.ActiveCfg = Release|Any CPU
		{8568198D-CC3F-4E4B-B066-10DA1C3AC480}.Release|x64.Build.0 = Release|Any CPU
		{8568198D-CC3F-4E4B-B066-10DA1C3AC480}.Release|x86.ActiveCfg = Release|Any CPU
		{8568198D-CC3F-4E4B-B066-10DA1C3AC480}.Release|x86.Build.0 = Release|Any CPU
		{95FA2F99-AD36-49DC-9A68-05DA29833B2B}.Debug|Any CPU.ActiveCfg = Debug|Any CPU
		{95FA2F99-AD36-49DC-9A68-05DA29833B2B}.Debug|Any CPU.Build.0 = Debug|Any CPU
		{95FA2F99-AD36-49DC-9A68-05DA29833B2B}.Debug|x64.ActiveCfg = Debug|Any CPU
		{95FA2F99-AD36-49DC-9A68-05DA29833B2B}.Debug|x64.Build.0 = Debug|Any CPU
		{95FA2F99-AD36-49DC-9A68-05DA29833B2B}.Debug|x86.ActiveCfg = Debug|Any CPU
		{95FA2F99-AD36-49DC-9A68-05DA29833B2B}.Debug|x86.Build.0 = Debug|Any CPU
		{95FA2F99-AD36-49DC-9A68-05DA29833B2B}.Release|Any CPU.ActiveCfg = Release|Any CPU
		{95FA2F99-AD36-49DC-9A68-05DA29833B2B}.Release|Any CPU.Build.0 = Release|Any CPU
		{95FA2F99-AD36-49DC-9A68-05DA29833B2B}.Release|x64.ActiveCfg = Release|Any CPU
		{95FA2F99-AD36-49DC-9A68-05DA29833B2B}.Release|x64.Build.0 = Release|Any CPU
		{95FA2F99-AD36-49DC-9A68-05DA29833B2B}.Release|x86.ActiveCfg = Release|Any CPU
		{95FA2F99-AD36-49DC-9A68-05DA29833B2B}.Release|x86.Build.0 = Release|Any CPU
	EndGlobalSection
	GlobalSection(NestedProjects) = preSolution
		{E1275825-74D3-444A-AF3F-4116DAE02B36} = {CECEEA19-5177-42BD-9AE7-6D237CD89BDC}
		{11E2ECB9-DA85-4ADA-9B76-2F5414491846} = {CECEEA19-5177-42BD-9AE7-6D237CD89BDC}
		{8568198D-CC3F-4E4B-B066-10DA1C3AC480} = {619938CF-8632-4142-A628-51EECB994577}
		{95FA2F99-AD36-49DC-9A68-05DA29833B2B} = {619938CF-8632-4142-A628-51EECB994577}
	EndGlobalSection
EndGlobal
